PODS:
  - Alamofire (3.3.1)
  - Evergreen (0.9)
  - Moya (6.4.0):
    - Moya/Core (= 6.4.0)
  - Moya/Core (6.4.0):
    - Alamofire (~> 3.0)
    - Result (~> 2.0)
  - PromiseKit/CorePromise (3.1.1)
  - Result (2.0.0)
  - SWXMLHash (2.3.1)

DEPENDENCIES:
  - Evergreen (from `../Evergreen`)
  - Moya
  - PromiseKit/CorePromise
  - SWXMLHash

EXTERNAL SOURCES:
  Evergreen:
    :path: ../Evergreen

SPEC CHECKSUMS:
  Alamofire: 369bc67b6f5ac33ded3648d7bd21c5bfb91c2ecc
  Evergreen: 0f2383665ebee86064570a874f631b7861a12794
  Moya: 4d526954c8afd79820991393d40d7d8af756ceee
  PromiseKit: 4e8127c22a9b29d1b44958ab2ec762ea6115cbfb
  Result: 9e75e1111c774c6ac594e14907b15057053a7959
  SWXMLHash: 795c66e74f4cc9473ad6465c6653c5a6f59f417e

PODFILE CHECKSUM: 177b0642c0ecbcb048876eefda5b9269ce593553

COCOAPODS: 1.0.0
